
Microsoft Visual Studio Solution File, Format Version 12.00
# Visual Studio 15
VisualStudioVersion = 15.0.28307.168
MinimumVisualStudioVersion = 10.0.40219.1
Project("{8BC9CEB8-8B4A-11D0-8D11-00A0C91BC942}") = "gazo", "gazo.vcxproj", "{69E97353-E324-499E-9DDC-AB252A7BB6A5}"
EndProject
Global
	GlobalSection(SolutionConfigurationPlatforms) = preSolution
		CUDA_Release|Win32 = CUDA_Release|Win32
		CUDA_Release|x64 = CUDA_Release|x64
		CUDAemu_Release|Win32 = CUDAemu_Release|Win32
		CUDAemu_Release|x64 = CUDAemu_Release|x64
		Debug|Win32 = Debug|Win32
		Debug|x64 = Debug|x64
		OpenCL_Release|Win32 = OpenCL_Release|Win32
		OpenCL_Release|x64 = OpenCL_Release|x64
		Release|Win32 = Release|Win32
		Release|x64 = Release|x64
	EndGlobalSection
	GlobalSection(ProjectConfigurationPlatforms) = postSolution
		{69E97353-E324-499E-9DDC-AB252A7BB6A5}.CUDA_Release|Win32.ActiveCfg = CUDA_Release|Win32
		{69E97353-E324-499E-9DDC-AB252A7BB6A5}.CUDA_Release|Win32.Build.0 = CUDA_Release|Win32
		{69E97353-E324-499E-9DDC-AB252A7BB6A5}.CUDA_Release|x64.ActiveCfg = CUDA_Release|x64
		{69E97353-E324-499E-9DDC-AB252A7BB6A5}.CUDA_Release|x64.Build.0 = CUDA_Release|x64
		{69E97353-E324-499E-9DDC-AB252A7BB6A5}.CUDAemu_Release|Win32.ActiveCfg = CUDAemu_Release|Win32
		{69E97353-E324-499E-9DDC-AB252A7BB6A5}.CUDAemu_Release|Win32.Build.0 = CUDAemu_Release|Win32
		{69E97353-E324-499E-9DDC-AB252A7BB6A5}.CUDAemu_Release|x64.ActiveCfg = CUDAemu_Release|x64
		{69E97353-E324-499E-9DDC-AB252A7BB6A5}.CUDAemu_Release|x64.Build.0 = CUDAemu_Release|x64
		{69E97353-E324-499E-9DDC-AB252A7BB6A5}.Debug|Win32.ActiveCfg = Debug|Win32
		{69E97353-E324-499E-9DDC-AB252A7BB6A5}.Debug|Win32.Build.0 = Debug|Win32
		{69E97353-E324-499E-9DDC-AB252A7BB6A5}.Debug|x64.ActiveCfg = Debug|x64
		{69E97353-E324-499E-9DDC-AB252A7BB6A5}.Debug|x64.Build.0 = Debug|x64
		{69E97353-E324-499E-9DDC-AB252A7BB6A5}.OpenCL_Release|Win32.ActiveCfg = OpenCL_Release|Win32
		{69E97353-E324-499E-9DDC-AB252A7BB6A5}.OpenCL_Release|Win32.Build.0 = OpenCL_Release|Win32
		{69E97353-E324-499E-9DDC-AB252A7BB6A5}.OpenCL_Release|x64.ActiveCfg = OpenCL_Release|x64
		{69E97353-E324-499E-9DDC-AB252A7BB6A5}.OpenCL_Release|x64.Build.0 = OpenCL_Release|x64
		{69E97353-E324-499E-9DDC-AB252A7BB6A5}.Release|Win32.ActiveCfg = Release|Win32
		{69E97353-E324-499E-9DDC-AB252A7BB6A5}.Release|Win32.Build.0 = Release|Win32
		{69E97353-E324-499E-9DDC-AB252A7BB6A5}.Release|x64.ActiveCfg = Release|x64
		{69E97353-E324-499E-9DDC-AB252A7BB6A5}.Release|x64.Build.0 = Release|x64
	EndGlobalSection
	GlobalSection(SolutionProperties) = preSolution
		HideSolutionNode = FALSE
	EndGlobalSection
	GlobalSection(ExtensibilityGlobals) = postSolution
		SolutionGuid = {F7969A68-B366-42A4-8EBD-3A85DF3623DE}
	EndGlobalSection
EndGlobal
