<?xml version="1.0" encoding="utf-8"?>
<Project ToolsVersion="4.0" xmlns="http://schemas.microsoft.com/developer/msbuild/2003">
  <ItemGroup>
    <Filter Include="Source Files">
      <UniqueIdentifier>{91ed83c2-fdcb-413e-af15-a4194c1c2da1}</UniqueIdentifier>
      <Extensions>cpp;c;cxx;rc;def;r;odl;idl;hpj;bat</Extensions>
    </Filter>
    <Filter Include="Header Files">
      <UniqueIdentifier>{c380a3d8-6739-4092-aadd-2b113bb02388}</UniqueIdentifier>
      <Extensions>h;hpp;hxx;hm;inl</Extensions>
    </Filter>
    <Filter Include="Resource Files">
      <UniqueIdentifier>{79b08065-8cda-4470-bdfc-06b9cdf306a4}</UniqueIdentifier>
      <Extensions>ico;cur;bmp;dlg;rc2;rct;bin;rgs;gif;jpg;jpeg;jpe</Extensions>
    </Filter>
  </ItemGroup>
  <ItemGroup>
    <ClCompile Include="ccmplx.cpp">
      <Filter>Source Files</Filter>
    </ClCompile>
    <ClCompile Include="cerror.cpp">
      <Filter>Source Files</Filter>
    </ClCompile>
    <ClCompile Include="cfft.cpp">
      <Filter>Source Files</Filter>
    </ClCompile>
    <ClCompile Include="chdf5.cpp">
      <Filter>Source Files</Filter>
    </ClCompile>
    <ClCompile Include="ChildFrm.cpp">
      <Filter>Source Files</Filter>
    </ClCompile>
    <ClCompile Include="clReconst.cpp">
      <Filter>Source Files</Filter>
    </ClCompile>
    <ClCompile Include="clReconstDummy.cpp">
      <Filter>Source Files</Filter>
    </ClCompile>
    <ClCompile Include="cudaReconstDummy.cpp">
      <Filter>Source Files</Filter>
    </ClCompile>
    <ClCompile Include="cudaReconstHost.cpp">
      <Filter>Source Files</Filter>
    </ClCompile>
    <ClCompile Include="cxyz.cpp">
      <Filter>Source Files</Filter>
    </ClCompile>
    <ClCompile Include="DlgDialbox.cpp">
      <Filter>Source Files</Filter>
    </ClCompile>
    <ClCompile Include="DlgFrameList.cpp">
      <Filter>Source Files</Filter>
    </ClCompile>
    <ClCompile Include="DlgGeneral.cpp">
      <Filter>Source Files</Filter>
    </ClCompile>
    <ClCompile Include="DlgHistogram.cpp">
      <Filter>Source Files</Filter>
    </ClCompile>
    <ClCompile Include="DlgHistoOpt.cpp">
      <Filter>Source Files</Filter>
    </ClCompile>
    <ClCompile Include="DlgHorizcenter.cpp">
      <Filter>Source Files</Filter>
    </ClCompile>
    <ClCompile Include="DlgLsqfit.cpp">
      <Filter>Source Files</Filter>
    </ClCompile>
    <ClCompile Include="DlgMessage.cpp">
      <Filter>Source Files</Filter>
    </ClCompile>
    <ClCompile Include="DlgOverlay.cpp">
      <Filter>Source Files</Filter>
    </ClCompile>
    <ClCompile Include="DlgPolygon.cpp">
      <Filter>Source Files</Filter>
    </ClCompile>
    <ClCompile Include="DlgProperty.cpp">
      <Filter>Source Files</Filter>
    </ClCompile>
    <ClCompile Include="DlgQueue.cpp">
      <Filter>Source Files</Filter>
    </ClCompile>
    <ClCompile Include="DlgReconOpt.cpp">
      <Filter>Source Files</Filter>
    </ClCompile>
    <ClCompile Include="DlgReconst.cpp">
      <Filter>Source Files</Filter>
    </ClCompile>
    <ClCompile Include="DlgRefraction.cpp">
      <Filter>Source Files</Filter>
    </ClCompile>
    <ClCompile Include="DlgRenumFiles.cpp">
      <Filter>Source Files</Filter>
    </ClCompile>
    <ClCompile Include="DlgResolnPlot.cpp">
      <Filter>Source Files</Filter>
    </ClCompile>
    <ClCompile Include="gazo.cpp">
      <Filter>Source Files</Filter>
    </ClCompile>
    <ClCompile Include="gazoDoc.cpp">
      <Filter>Source Files</Filter>
    </ClCompile>
    <ClCompile Include="gazoView.cpp">
      <Filter>Source Files</Filter>
    </ClCompile>
    <ClCompile Include="general.cpp">
      <Filter>Source Files</Filter>
    </ClCompile>
    <ClCompile Include="MainFrm.cpp">
      <Filter>Source Files</Filter>
    </ClCompile>
    <ClCompile Include="StdAfx.cpp">
      <Filter>Source Files</Filter>
    </ClCompile>
  </ItemGroup>
  <ItemGroup>
    <None Include="res\cursor1.cur">
      <Filter>Resource Files</Filter>
    </None>
    <None Include="res\gazo.rc2">
      <Filter>Resource Files</Filter>
    </None>
    <None Include="ClassDiagram1.cd" />
    <None Include="ClassDiagram2.cd" />
    <None Include="ClassDiagram3.cd" />
  </ItemGroup>
  <ItemGroup>
    <ResourceCompile Include="gazo.rc">
      <Filter>Source Files</Filter>
    </ResourceCompile>
  </ItemGroup>
  <ItemGroup>
    <MASM Include="projx32.asm">
      <Filter>Source Files</Filter>
    </MASM>
  </ItemGroup>
  <ItemGroup>
    <ClInclude Include="ccmplx.h">
      <Filter>Header Files</Filter>
    </ClInclude>
    <ClInclude Include="cerror.h">
      <Filter>Header Files</Filter>
    </ClInclude>
    <ClInclude Include="cfft.h">
      <Filter>Header Files</Filter>
    </ClInclude>
    <ClInclude Include="chdf5.h">
      <Filter>Header Files</Filter>
    </ClInclude>
    <ClInclude Include="ChildFrm.h">
      <Filter>Header Files</Filter>
    </ClInclude>
    <ClInclude Include="clReconst.h">
      <Filter>Header Files</Filter>
    </ClInclude>
    <ClInclude Include="constants.h">
      <Filter>Header Files</Filter>
    </ClInclude>
    <ClInclude Include="cudaReconst.h">
      <Filter>Header Files</Filter>
    </ClInclude>
    <ClInclude Include="cxyz.h">
      <Filter>Header Files</Filter>
    </ClInclude>
    <ClInclude Include="DlgDialbox.h">
      <Filter>Header Files</Filter>
    </ClInclude>
    <ClInclude Include="DlgFrameList.h">
      <Filter>Header Files</Filter>
    </ClInclude>
    <ClInclude Include="DlgGeneral.h">
      <Filter>Header Files</Filter>
    </ClInclude>
    <ClInclude Include="DlgHistogram.h">
      <Filter>Header Files</Filter>
    </ClInclude>
    <ClInclude Include="DlgHistoOpt.h">
      <Filter>Header Files</Filter>
    </ClInclude>
    <ClInclude Include="DlgHorizcenter.h">
      <Filter>Header Files</Filter>
    </ClInclude>
    <ClInclude Include="DlgLsqfit.h">
      <Filter>Header Files</Filter>
    </ClInclude>
    <ClInclude Include="DlgMessage.h">
      <Filter>Header Files</Filter>
    </ClInclude>
    <ClInclude Include="DlgOverlay.h">
      <Filter>Header Files</Filter>
    </ClInclude>
    <ClInclude Include="DlgPolygon.h">
      <Filter>Header Files</Filter>
    </ClInclude>
    <ClInclude Include="DlgProperty.h">
      <Filter>Header Files</Filter>
    </ClInclude>
    <ClInclude Include="DlgQueue.h">
      <Filter>Header Files</Filter>
    </ClInclude>
    <ClInclude Include="DlgReconOpt.h">
      <Filter>Header Files</Filter>
    </ClInclude>
    <ClInclude Include="DlgReconst.h">
      <Filter>Header Files</Filter>
    </ClInclude>
    <ClInclude Include="DlgRefraction.h">
      <Filter>Header Files</Filter>
    </ClInclude>
    <ClInclude Include="DlgRenumFiles.h">
      <Filter>Header Files</Filter>
    </ClInclude>
    <ClInclude Include="DlgResolnPlot.h">
      <Filter>Header Files</Filter>
    </ClInclude>
    <ClInclude Include="gazo.h">
      <Filter>Header Files</Filter>
    </ClInclude>
    <ClInclude Include="gazoDoc.h">
      <Filter>Header Files</Filter>
    </ClInclude>
    <ClInclude Include="gazoView.h">
      <Filter>Header Files</Filter>
    </ClInclude>
    <ClInclude Include="general.h">
      <Filter>Header Files</Filter>
    </ClInclude>
    <ClInclude Include="MainFrm.h">
      <Filter>Header Files</Filter>
    </ClInclude>
    <ClInclude Include="reconstinfo.h">
      <Filter>Header Files</Filter>
    </ClInclude>
    <ClInclude Include="Resource.h">
      <Filter>Header Files</Filter>
    </ClInclude>
    <ClInclude Include="StdAfx.h">
      <Filter>Header Files</Filter>
    </ClInclude>
  </ItemGroup>
  <ItemGroup>
    <Image Include="res\gazo.ico">
      <Filter>Resource Files</Filter>
    </Image>
    <Image Include="res\gazoDoc.ico">
      <Filter>Resource Files</Filter>
    </Image>
    <Image Include="res\Toolbar.bmp">
      <Filter>Resource Files</Filter>
    </Image>
  </ItemGroup>
  <ItemGroup>
    <CustomBuild Include="projx64.asm">
      <Filter>Source Files</Filter>
    </CustomBuild>
  </ItemGroup>
  <ItemGroup>
    <CudaCompile Include="cudaReconst.cu" />
  </ItemGroup>
</Project>